
Microsoft Visual Studio Solution File, Format Version 12.00
# Visual Studio Version 17
VisualStudioVersion = 17.1.32228.430
MinimumVisualStudioVersion = 10.0.40219.1
Project("{8BC9CEB8-8B4A-11D0-8D11-00A0C91BC942}") = "c++实现超级玛丽", "c++实现超级玛丽\c++实现超级玛丽.vcxproj", "{D815BEB1-B514-4360-B5E9-42B89961C9C9}"
EndProject
Global
	GlobalSection(SolutionConfigurationPlatforms) = preSolution
		Debug|x64 = Debug|x64
		Debug|x86 = Debug|x86
		Release|x64 = Release|x64
		Release|x86 = Release|x86
	EndGlobalSection
	GlobalSection(ProjectConfigurationPlatforms) = postSolution
		{D815BEB1-B514-4360-B5E9-42B89961C9C9}.Debug|x64.ActiveCfg = Debug|x64
		{D815BEB1-B514-4360-B5E9-42B89961C9C9}.Debug|x64.Build.0 = Debug|x64
		{D815BEB1-B514-4360-B5E9-42B89961C9C9}.Debug|x86.ActiveCfg = Debug|Win32
		{D815BEB1-B514-4360-B5E9-42B89961C9C9}.Debug|x86.Build.0 = Debug|Win32
		{D815BEB1-B514-4360-B5E9-42B89961C9C9}.Release|x64.ActiveCfg = Release|x64
		{D815BEB1-B514-4360-B5E9-42B89961C9C9}.Release|x64.Build.0 = Release|x64
		{D815BEB1-B514-4360-B5E9-42B89961C9C9}.Release|x86.ActiveCfg = Release|Win32
		{D815BEB1-B514-4360-B5E9-42B89961C9C9}.Release|x86.Build.0 = Release|Win32
	EndGlobalSection
	GlobalSection(SolutionProperties) = preSolution
		HideSolutionNode = FALSE
	EndGlobalSection
	GlobalSection(ExtensibilityGlobals) = postSolution
		SolutionGuid = {B7ABA1B1-7436-4CC0-868E-D2C28EB01127}
	EndGlobalSection
EndGlobal
